
Microsoft Visual Studio Solution File, Format Version 12.00
# Visual Studio Version 16
VisualStudioVersion = 16.0.29503.13
MinimumVisualStudioVersion = 10.0.40219.1
Project("{FAE04EC0-301F-11D3-BF4B-00C04F79EFBC}") = "DijkstraOnMatrixes", "DijkstraOnMatrixes\DijkstraOnMatrixes.csproj", "{BCE57817-838C-4CDF-ABDA-E813C94B79B9}"
EndProject
Global
	GlobalSection(SolutionConfigurationPlatforms) = preSolution
		Debug|Any CPU = Debug|Any CPU
		Release|Any CPU = Release|Any CPU
	EndGlobalSection
	GlobalSection(ProjectConfigurationPlatforms) = postSolution
		{BCE57817-838C-4CDF-ABDA-E813C94B79B9}.Debug|Any CPU.ActiveCfg = Debug|Any CPU
		{BCE57817-838C-4CDF-ABDA-E813C94B79B9}.Debug|Any CPU.Build.0 = Debug|Any CPU
		{BCE57817-838C-4CDF-ABDA-E813C94B79B9}.Release|Any CPU.ActiveCfg = Release|Any CPU
		{BCE57817-838C-4CDF-ABDA-E813C94B79B9}.Release|Any CPU.Build.0 = Release|Any CPU
	EndGlobalSection
	GlobalSection(SolutionProperties) = preSolution
		HideSolutionNode = FALSE
	EndGlobalSection
	GlobalSection(ExtensibilityGlobals) = postSolution
		SolutionGuid = {8F74EA78-E0DF-4470-9229-C9FB81EC769C}
	EndGlobalSection
EndGlobal
